PODS:
  - AFNetworking (1.3.4)
  - DZNEmptyDataSet (1.5)
  - EDColor (0.4.0)
  - Expecta (0.3.0)
  - Expecta+Snapshots (1.3.1):
    - Expecta
    - FBSnapshotTestCase
  - FBSnapshotTestCase (1.4)
  - libextobjc/EXTKeyPathCoding (0.4.1):
    - libextobjc/RuntimeExtensions
  - libextobjc/EXTScope (0.4.1):
    - libextobjc/RuntimeExtensions
  - libextobjc/RuntimeExtensions (0.4.1)
  - Mantle (1.5.3):
    - Mantle/extobjc (= 1.5.3)
  - Mantle/extobjc (1.5.3)
  - OCMock (2.2.4)
  - OHHTTPStubs (3.1.2)
  - PQFCustomLoaders (0.0.1):
    - UIColor+FlatColors
  - ReactiveCocoa (2.4.4):
    - ReactiveCocoa/UI (= 2.4.4)
  - ReactiveCocoa/Core (2.4.4):
    - ReactiveCocoa/no-arc
  - ReactiveCocoa/no-arc (2.4.4)
  - ReactiveCocoa/UI (2.4.4):
    - ReactiveCocoa/Core
  - SDWebImage (3.7.1):
    - SDWebImage/Core (= 3.7.1)
  - SDWebImage/Core (3.7.1)
  - Specta (1.0.0)
  - SVProgressHUD (1.1.2)
  - UIAlertView+Blocks (0.8)
  - UIColor+FlatColors (0.0.2)
  - XCTest+OHHTTPStubSuiteCleanUp (1.0.0):
    - OHHTTPStubs

DEPENDENCIES:
  - AFNetworking (= 1.3.4)
  - DZNEmptyDataSet (= 1.5)
  - EDColor (= 0.4.0)
  - Expecta (= 0.3.0)
  - Expecta+Snapshots (~> 1.2)
  - FBSnapshotTestCase (= 1.4)
  - libextobjc/EXTKeyPathCoding (= 0.4.1)
  - libextobjc/EXTScope (= 0.4.1)
  - Mantle (= 1.5.3)
  - OCMock (= 2.2.4)
  - OHHTTPStubs (= 3.1.2)
  - PQFCustomLoaders (= 0.0.1)
  - ReactiveCocoa (= 2.4.4)
  - SDWebImage (= 3.7.1)
  - Specta (= 1.0.0)
  - SVProgressHUD (= 1.1.2)
  - UIAlertView+Blocks (= 0.8)
  - XCTest+OHHTTPStubSuiteCleanUp (= 1.0.0)

SPEC CHECKSUMS:
  AFNetworking: cf8e418e16f0c9c7e5c3150d019a3c679d015018
  DZNEmptyDataSet: ad94b977dfa7fe389d359da5ff60fd2de36aa461
  EDColor: 89d19a013279a5604d61650721c15f20fefaaf00
  Expecta: 917bda2935b63ca7175741b8cf1b26796db6205f
  Expecta+Snapshots: 4a0b46d3ba755bd43dffa7d53e4585fc6cbfe8cd
  FBSnapshotTestCase: 892508495a69e8703bab36c9da7674ff740d41db
  libextobjc: a650fc1bf489a3d3a9bc2e621efa3e1006fc5471
  Mantle: 7dddb082367d3e13bd244636d56838481c4552fe
  OCMock: a6a7dc0e3997fb9f35d99f72528698ebf60d64f2
  OHHTTPStubs: c93230597bc5c8b74bcfdb403cc8773515b8b08c
  PQFCustomLoaders: 6e630d3ab3987e035598050f56a4f5a6a7766d92
  ReactiveCocoa: cbe3b5eae464aa72a348a7323996b171728a9e71
  SDWebImage: ed3095af2ff88b436426037444979b917f6c5575
  Specta: 96fe05fe5c7348b5223f85e862904f6e832abb14
  SVProgressHUD: 3afb875b9eb23acd1bed9b82495695c68621a8b2
  UIAlertView+Blocks: 6b408d63507287b22c6e631a2b25ca26f96fb609
  UIColor+FlatColors: 6c699df7a575281794c688c64cee6c44fd1f93b4
  XCTest+OHHTTPStubSuiteCleanUp: 4469ec8863c6bc022c5089a9b94233eb3416c5ee

COCOAPODS: 0.37.1
